{
  "requires": true,
  "lockfileVersion": 1,
  "dependencies": {
    "escodegen": {
      "version": "0.0.15",
      "resolved": "https://registry.npmjs.org/escodegen/-/escodegen-0.0.15.tgz",
      "integrity": "sha1-/9qcsmtws098wZ8diHVlOa+1Q70=",
      "requires": {
        "esprima": ">= 1.0.0",
        "source-map": ">= 0.1.2"
      },
      "dependencies": {
        "esprima": {
          "version": "4.0.0",
          "resolved": "https://registry.npmjs.org/esprima/-/esprima-4.0.0.tgz",
          "integrity": "sha512-oftTcaMu/EGrEIu904mWteKIv8vMuOgGYo7EhVJJN00R/EED9DCua/xxHRdYnKtcECzVg7xOWhflvJMnqcFZjw=="
        }
      }
    },
    "esprima-six-jpike": {
      "version": "1.1.1-dev-harmony",
      "resolved": "https://registry.npmjs.org/esprima-six-jpike/-/esprima-six-jpike-1.1.1-dev-harmony.tgz",
      "integrity": "sha1-I8yoX34BtGybcb9RTe4P31hkkD4="
    },
    "six": {
      "version": "0.0.12",
      "resolved": "https://registry.npmjs.org/six/-/six-0.0.12.tgz",
      "integrity": "sha1-V1LZdDSiUpjqdnBVfqT9dXBAkDM=",
      "requires": {
        "escodegen": "0.0.15",
        "esprima-six-jpike": "1.1.1-dev-harmony"
      }
    },
    "source-map": {
      "version": "0.7.3",
      "resolved": "https://registry.npmjs.org/source-map/-/source-map-0.7.3.tgz",
      "integrity": "sha512-CkCj6giN3S+n9qrYiBTX5gystlENnRW5jZeNLHpe6aue+SrHcG5VYwujhW9s4dY31mEGsxBDrHR6oI69fTXsaQ==",
      "optional": true
    }
  }
}
